{
  "name": "@kmamal/testing",
  "version": "0.0.9",
  "lockfileVersion": 2,
  "requires": true,
  "packages": {
    "": {
      "name": "@kmamal/testing",
      "version": "0.0.9",
      "license": "MIT",
      "dependencies": {
        "@kmamal/util": "^0.0.41"
      }
    },
    "node_modules/@kmamal/util": {
      "version": "0.0.41",
      "resolved": "https://registry.npmjs.org/@kmamal/util/-/util-0.0.41.tgz",
      "integrity": "sha512-BGIkapfXra1lyqmSbIkd2e8opyPxN/MVzwQXB2NkzRUndBtr5fumx0ZwbNUPiEMx4MP6jxF6gN+9ZbAG5tucHw=="
    }
  },
  "dependencies": {
    "@kmamal/util": {
      "version": "0.0.41",
      "resolved": "https://registry.npmjs.org/@kmamal/util/-/util-0.0.41.tgz",
      "integrity": "sha512-BGIkapfXra1lyqmSbIkd2e8opyPxN/MVzwQXB2NkzRUndBtr5fumx0ZwbNUPiEMx4MP6jxF6gN+9ZbAG5tucHw=="
    }
  }
}
