{
  "name": "@xyz/testing",
  "version": "0.0.1",
  "lockfileVersion": 1,
  "requires": true,
  "dependencies": {
    "@xyz/testing": {
      "version": "git:repos/testing#19c320ae2189625324f9ce027e9b4fb5ef242bb8",
      "from": "git:repos/testing#semver:*"
    },
    "@xyz/util": {
      "version": "git:repos/util#11ea4228463106f578ca47538e207d1d4d9cddb7",
      "from": "git:repos/util#semver:*",
      "requires": {
        "@xyz/testing": "git:repos/testing#semver:*"
      }
    }
  }
}
